
Microsoft Visual Studio Solution File, Format Version 12.00
# Visual Studio Version 16
VisualStudioVersion = 16.0.30114.105
MinimumVisualStudioVersion = 10.0.40219.1
Project("{FAE04EC0-301F-11D3-BF4B-00C04F79EFBC}") = "IdentityDeveloperTemplates.AzureAD.UWP", "IdentityDeveloperTemplates.AzureAD.UWP\IdentityDeveloperTemplates.AzureAD.UWP.csproj", "{0BCEEABA-EB4B-4166-BDCD-3B047983B2A3}"
EndProject
Project("{9A19103F-16F7-4668-BE54-9A1E7A4F7556}") = "IdentityDeveloperTemplates.AzureADB2C.API", "IdentityDeveloperTemplates.AzureADB2C.API\IdentityDeveloperTemplates.AzureADB2C.API.csproj", "{DC519E3B-1445-445C-9429-8EDAD5ADA212}"
EndProject
Project("{FAE04EC0-301F-11D3-BF4B-00C04F79EFBC}") = "IdentityDeveloperTemplates.AzureADB2C.UWP", "IdentityDeveloperTemplates.AzureADB2C.UWP\IdentityDeveloperTemplates.AzureADB2C.UWP.csproj", "{A9B9C4F1-109B-4994-B6DD-525C7B7930FB}"
EndProject
Project("{9A19103F-16F7-4668-BE54-9A1E7A4F7556}") = "IdentityDeveloperTemplates.Authorization.Functions", "IdentityDeveloperTemplates.Authorization.Functions\IdentityDeveloperTemplates.Authorization.Functions.csproj", "{6A3913E2-AFF4-4AE1-960A-FC9BC54447AE}"
EndProject
Project("{9A19103F-16F7-4668-BE54-9A1E7A4F7556}") = "IdentityDeveloperTemplates.AzureAD.WebApp", "IdentityDeveloperTemplates.AzureAD.WebApp\IdentityDeveloperTemplates.AzureAD.WebApp.csproj", "{B9F843DD-5A95-4302-AE5D-57BA4CFD037A}"
EndProject
Project("{9A19103F-16F7-4668-BE54-9A1E7A4F7556}") = "IdentityDeveloperTemplates.AzureADB2C.Authz.WebApp", "IdentityDeveloperTemplates.AzureADB2C.Authz.WebApp\IdentityDeveloperTemplates.AzureADB2C.Authz.WebApp.csproj", "{5E887F00-751B-4900-AF3E-6E50C025DB31}"
EndProject
Project("{9A19103F-16F7-4668-BE54-9A1E7A4F7556}") = "IdentityDeveloperTemplates.AzureADB2C.WebApp", "IdentityDeveloperTemplates.AzureADB2C.WebApp\IdentityDeveloperTemplates.AzureADB2C.WebApp.csproj", "{0B6D0097-05E4-4A8B-B035-FDE1E7357E04}"
EndProject
Project("{9A19103F-16F7-4668-BE54-9A1E7A4F7556}") = "IdentityDeveloperTemplates.AzureAD.Authz.API", "IdentityDeveloperTemplates.AzureAD.Authz.API\IdentityDeveloperTemplates.AzureAD.Authz.API.csproj", "{8F302ED5-4E14-42A2-B4A6-3CA2399DF29D}"
EndProject
Project("{9A19103F-16F7-4668-BE54-9A1E7A4F7556}") = "IdentityDeveloperTemplates.AzureAD.API", "IdentityDeveloperTemplates.AzureAD.API\IdentityDeveloperTemplates.AzureAD.API.csproj", "{C0B475C4-6614-4522-8006-AB988A2723C5}"
EndProject
Project("{2150E333-8FDC-42A3-9474-1A3956D46DE8}") = "Basic", "Basic", "{105EB1CB-19EA-4C2E-9C9B-007FE8BB47FE}"
EndProject
Project("{2150E333-8FDC-42A3-9474-1A3956D46DE8}") = "Advanced", "Advanced", "{F3101244-B6DD-434E-9EB8-3EF596DCABD6}"
EndProject
Global
	GlobalSection(SolutionConfigurationPlatforms) = preSolution
		Debug|Any CPU = Debug|Any CPU
		Debug|ARM = Debug|ARM
		Debug|ARM64 = Debug|ARM64
		Debug|x64 = Debug|x64
		Debug|x86 = Debug|x86
		Release|Any CPU = Release|Any CPU
		Release|ARM = Release|ARM
		Release|ARM64 = Release|ARM64
		Release|x64 = Release|x64
		Release|x86 = Release|x86
	EndGlobalSection
	GlobalSection(ProjectConfigurationPlatforms) = postSolution
		{0BCEEABA-EB4B-4166-BDCD-3B047983B2A3}.Debug|Any CPU.ActiveCfg = Debug|x86
		{0BCEEABA-EB4B-4166-BDCD-3B047983B2A3}.Debug|ARM.ActiveCfg = Debug|ARM
		{0BCEEABA-EB4B-4166-BDCD-3B047983B2A3}.Debug|ARM.Build.0 = Debug|ARM
		{0BCEEABA-EB4B-4166-BDCD-3B047983B2A3}.Debug|ARM.Deploy.0 = Debug|ARM
		{0BCEEABA-EB4B-4166-BDCD-3B047983B2A3}.Debug|ARM64.ActiveCfg = Debug|ARM64
		{0BCEEABA-EB4B-4166-BDCD-3B047983B2A3}.Debug|ARM64.Build.0 = Debug|ARM64
		{0BCEEABA-EB4B-4166-BDCD-3B047983B2A3}.Debug|ARM64.Deploy.0 = Debug|ARM64
		{0BCEEABA-EB4B-4166-BDCD-3B047983B2A3}.Debug|x64.ActiveCfg = Debug|x64
		{0BCEEABA-EB4B-4166-BDCD-3B047983B2A3}.Debug|x64.Build.0 = Debug|x64
		{0BCEEABA-EB4B-4166-BDCD-3B047983B2A3}.Debug|x64.Deploy.0 = Debug|x64
		{0BCEEABA-EB4B-4166-BDCD-3B047983B2A3}.Debug|x86.ActiveCfg = Debug|x86
		{0BCEEABA-EB4B-4166-BDCD-3B047983B2A3}.Debug|x86.Build.0 = Debug|x86
		{0BCEEABA-EB4B-4166-BDCD-3B047983B2A3}.Debug|x86.Deploy.0 = Debug|x86
		{0BCEEABA-EB4B-4166-BDCD-3B047983B2A3}.Release|Any CPU.ActiveCfg = Release|x86
		{0BCEEABA-EB4B-4166-BDCD-3B047983B2A3}.Release|ARM.ActiveCfg = Release|ARM
		{0BCEEABA-EB4B-4166-BDCD-3B047983B2A3}.Release|ARM.Build.0 = Release|ARM
		{0BCEEABA-EB4B-4166-BDCD-3B047983B2A3}.Release|ARM.Deploy.0 = Release|ARM
		{0BCEEABA-EB4B-4166-BDCD-3B047983B2A3}.Release|ARM64.ActiveCfg = Release|ARM64
		{0BCEEABA-EB4B-4166-BDCD-3B047983B2A3}.Release|ARM64.Build.0 = Release|ARM64
		{0BCEEABA-EB4B-4166-BDCD-3B047983B2A3}.Release|ARM64.Deploy.0 = Release|ARM64
		{0BCEEABA-EB4B-4166-BDCD-3B047983B2A3}.Release|x64.ActiveCfg = Release|x64
		{0BCEEABA-EB4B-4166-BDCD-3B047983B2A3}.Release|x64.Build.0 = Release|x64
		{0BCEEABA-EB4B-4166-BDCD-3B047983B2A3}.Release|x64.Deploy.0 = Release|x64
		{0BCEEABA-EB4B-4166-BDCD-3B047983B2A3}.Release|x86.ActiveCfg = Release|x86
		{0BCEEABA-EB4B-4166-BDCD-3B047983B2A3}.Release|x86.Build.0 = Release|x86
		{0BCEEABA-EB4B-4166-BDCD-3B047983B2A3}.Release|x86.Deploy.0 = Release|x86
		{DC519E3B-1445-445C-9429-8EDAD5ADA212}.Debug|Any CPU.ActiveCfg = Debug|Any CPU
		{DC519E3B-1445-445C-9429-8EDAD5ADA212}.Debug|Any CPU.Build.0 = Debug|Any CPU
		{DC519E3B-1445-445C-9429-8EDAD5ADA212}.Debug|ARM.ActiveCfg = Debug|Any CPU
		{DC519E3B-1445-445C-9429-8EDAD5ADA212}.Debug|ARM.Build.0 = Debug|Any CPU
		{DC519E3B-1445-445C-9429-8EDAD5ADA212}.Debug|ARM64.ActiveCfg = Debug|Any CPU
		{DC519E3B-1445-445C-9429-8EDAD5ADA212}.Debug|ARM64.Build.0 = Debug|Any CPU
		{DC519E3B-1445-445C-9429-8EDAD5ADA212}.Debug|x64.ActiveCfg = Debug|Any CPU
		{DC519E3B-1445-445C-9429-8EDAD5ADA212}.Debug|x64.Build.0 = Debug|Any CPU
		{DC519E3B-1445-445C-9429-8EDAD5ADA212}.Debug|x86.ActiveCfg = Debug|Any CPU
		{DC519E3B-1445-445C-9429-8EDAD5ADA212}.Debug|x86.Build.0 = Debug|Any CPU
		{DC519E3B-1445-445C-9429-8EDAD5ADA212}.Release|Any CPU.ActiveCfg = Release|Any CPU
		{DC519E3B-1445-445C-9429-8EDAD5ADA212}.Release|Any CPU.Build.0 = Release|Any CPU
		{DC519E3B-1445-445C-9429-8EDAD5ADA212}.Release|ARM.ActiveCfg = Release|Any CPU
		{DC519E3B-1445-445C-9429-8EDAD5ADA212}.Release|ARM.Build.0 = Release|Any CPU
		{DC519E3B-1445-445C-9429-8EDAD5ADA212}.Release|ARM64.ActiveCfg = Release|Any CPU
		{DC519E3B-1445-445C-9429-8EDAD5ADA212}.Release|ARM64.Build.0 = Release|Any CPU
		{DC519E3B-1445-445C-9429-8EDAD5ADA212}.Release|x64.ActiveCfg = Release|Any CPU
		{DC519E3B-1445-445C-9429-8EDAD5ADA212}.Release|x64.Build.0 = Release|Any CPU
		{DC519E3B-1445-445C-9429-8EDAD5ADA212}.Release|x86.ActiveCfg = Release|Any CPU
		{DC519E3B-1445-445C-9429-8EDAD5ADA212}.Release|x86.Build.0 = Release|Any CPU
		{A9B9C4F1-109B-4994-B6DD-525C7B7930FB}.Debug|Any CPU.ActiveCfg = Debug|x86
		{A9B9C4F1-109B-4994-B6DD-525C7B7930FB}.Debug|ARM.ActiveCfg = Debug|ARM
		{A9B9C4F1-109B-4994-B6DD-525C7B7930FB}.Debug|ARM.Build.0 = Debug|ARM
		{A9B9C4F1-109B-4994-B6DD-525C7B7930FB}.Debug|ARM.Deploy.0 = Debug|ARM
		{A9B9C4F1-109B-4994-B6DD-525C7B7930FB}.Debug|ARM64.ActiveCfg = Debug|ARM64
		{A9B9C4F1-109B-4994-B6DD-525C7B7930FB}.Debug|ARM64.Build.0 = Debug|ARM64
		{A9B9C4F1-109B-4994-B6DD-525C7B7930FB}.Debug|ARM64.Deploy.0 = Debug|ARM64
		{A9B9C4F1-109B-4994-B6DD-525C7B7930FB}.Debug|x64.ActiveCfg = Debug|x64
		{A9B9C4F1-109B-4994-B6DD-525C7B7930FB}.Debug|x64.Build.0 = Debug|x64
		{A9B9C4F1-109B-4994-B6DD-525C7B7930FB}.Debug|x64.Deploy.0 = Debug|x64
		{A9B9C4F1-109B-4994-B6DD-525C7B7930FB}.Debug|x86.ActiveCfg = Debug|x86
		{A9B9C4F1-109B-4994-B6DD-525C7B7930FB}.Debug|x86.Build.0 = Debug|x86
		{A9B9C4F1-109B-4994-B6DD-525C7B7930FB}.Debug|x86.Deploy.0 = Debug|x86
		{A9B9C4F1-109B-4994-B6DD-525C7B7930FB}.Release|Any CPU.ActiveCfg = Release|x86
		{A9B9C4F1-109B-4994-B6DD-525C7B7930FB}.Release|ARM.ActiveCfg = Release|ARM
		{A9B9C4F1-109B-4994-B6DD-525C7B7930FB}.Release|ARM.Build.0 = Release|ARM
		{A9B9C4F1-109B-4994-B6DD-525C7B7930FB}.Release|ARM.Deploy.0 = Release|ARM
		{A9B9C4F1-109B-4994-B6DD-525C7B7930FB}.Release|ARM64.ActiveCfg = Release|ARM64
		{A9B9C4F1-109B-4994-B6DD-525C7B7930FB}.Release|ARM64.Build.0 = Release|ARM64
		{A9B9C4F1-109B-4994-B6DD-525C7B7930FB}.Release|ARM64.Deploy.0 = Release|ARM64
		{A9B9C4F1-109B-4994-B6DD-525C7B7930FB}.Release|x64.ActiveCfg = Release|x64
		{A9B9C4F1-109B-4994-B6DD-525C7B7930FB}.Release|x64.Build.0 = Release|x64
		{A9B9C4F1-109B-4994-B6DD-525C7B7930FB}.Release|x64.Deploy.0 = Release|x64
		{A9B9C4F1-109B-4994-B6DD-525C7B7930FB}.Release|x86.ActiveCfg = Release|x86
		{A9B9C4F1-109B-4994-B6DD-525C7B7930FB}.Release|x86.Build.0 = Release|x86
		{A9B9C4F1-109B-4994-B6DD-525C7B7930FB}.Release|x86.Deploy.0 = Release|x86
		{6A3913E2-AFF4-4AE1-960A-FC9BC54447AE}.Debug|Any CPU.ActiveCfg = Debug|Any CPU
		{6A3913E2-AFF4-4AE1-960A-FC9BC54447AE}.Debug|Any CPU.Build.0 = Debug|Any CPU
		{6A3913E2-AFF4-4AE1-960A-FC9BC54447AE}.Debug|ARM.ActiveCfg = Debug|Any CPU
		{6A3913E2-AFF4-4AE1-960A-FC9BC54447AE}.Debug|ARM.Build.0 = Debug|Any CPU
		{6A3913E2-AFF4-4AE1-960A-FC9BC54447AE}.Debug|ARM64.ActiveCfg = Debug|Any CPU
		{6A3913E2-AFF4-4AE1-960A-FC9BC54447AE}.Debug|ARM64.Build.0 = Debug|Any CPU
		{6A3913E2-AFF4-4AE1-960A-FC9BC54447AE}.Debug|x64.ActiveCfg = Debug|Any CPU
		{6A3913E2-AFF4-4AE1-960A-FC9BC54447AE}.Debug|x64.Build.0 = Debug|Any CPU
		{6A3913E2-AFF4-4AE1-960A-FC9BC54447AE}.Debug|x86.ActiveCfg = Debug|Any CPU
		{6A3913E2-AFF4-4AE1-960A-FC9BC54447AE}.Debug|x86.Build.0 = Debug|Any CPU
		{6A3913E2-AFF4-4AE1-960A-FC9BC54447AE}.Release|Any CPU.ActiveCfg = Release|Any CPU
		{6A3913E2-AFF4-4AE1-960A-FC9BC54447AE}.Release|Any CPU.Build.0 = Release|Any CPU
		{6A3913E2-AFF4-4AE1-960A-FC9BC54447AE}.Release|ARM.ActiveCfg = Release|Any CPU
		{6A3913E2-AFF4-4AE1-960A-FC9BC54447AE}.Release|ARM.Build.0 = Release|Any CPU
		{6A3913E2-AFF4-4AE1-960A-FC9BC54447AE}.Release|ARM64.ActiveCfg = Release|Any CPU
		{6A3913E2-AFF4-4AE1-960A-FC9BC54447AE}.Release|ARM64.Build.0 = Release|Any CPU
		{6A3913E2-AFF4-4AE1-960A-FC9BC54447AE}.Release|x64.ActiveCfg = Release|Any CPU
		{6A3913E2-AFF4-4AE1-960A-FC9BC54447AE}.Release|x64.Build.0 = Release|Any CPU
		{6A3913E2-AFF4-4AE1-960A-FC9BC54447AE}.Release|x86.ActiveCfg = Release|Any CPU
		{6A3913E2-AFF4-4AE1-960A-FC9BC54447AE}.Release|x86.Build.0 = Release|Any CPU
		{B9F843DD-5A95-4302-AE5D-57BA4CFD037A}.Debug|Any CPU.ActiveCfg = Debug|Any CPU
		{B9F843DD-5A95-4302-AE5D-57BA4CFD037A}.Debug|Any CPU.Build.0 = Debug|Any CPU
		{B9F843DD-5A95-4302-AE5D-57BA4CFD037A}.Debug|ARM.ActiveCfg = Debug|Any CPU
		{B9F843DD-5A95-4302-AE5D-57BA4CFD037A}.Debug|ARM.Build.0 = Debug|Any CPU
		{B9F843DD-5A95-4302-AE5D-57BA4CFD037A}.Debug|ARM64.ActiveCfg = Debug|Any CPU
		{B9F843DD-5A95-4302-AE5D-57BA4CFD037A}.Debug|ARM64.Build.0 = Debug|Any CPU
		{B9F843DD-5A95-4302-AE5D-57BA4CFD037A}.Debug|x64.ActiveCfg = Debug|Any CPU
		{B9F843DD-5A95-4302-AE5D-57BA4CFD037A}.Debug|x64.Build.0 = Debug|Any CPU
		{B9F843DD-5A95-4302-AE5D-57BA4CFD037A}.Debug|x86.ActiveCfg = Debug|Any CPU
		{B9F843DD-5A95-4302-AE5D-57BA4CFD037A}.Debug|x86.Build.0 = Debug|Any CPU
		{B9F843DD-5A95-4302-AE5D-57BA4CFD037A}.Release|Any CPU.ActiveCfg = Release|Any CPU
		{B9F843DD-5A95-4302-AE5D-57BA4CFD037A}.Release|Any CPU.Build.0 = Release|Any CPU
		{B9F843DD-5A95-4302-AE5D-57BA4CFD037A}.Release|ARM.ActiveCfg = Release|Any CPU
		{B9F843DD-5A95-4302-AE5D-57BA4CFD037A}.Release|ARM.Build.0 = Release|Any CPU
		{B9F843DD-5A95-4302-AE5D-57BA4CFD037A}.Release|ARM64.ActiveCfg = Release|Any CPU
		{B9F843DD-5A95-4302-AE5D-57BA4CFD037A}.Release|ARM64.Build.0 = Release|Any CPU
		{B9F843DD-5A95-4302-AE5D-57BA4CFD037A}.Release|x64.ActiveCfg = Release|Any CPU
		{B9F843DD-5A95-4302-AE5D-57BA4CFD037A}.Release|x64.Build.0 = Release|Any CPU
		{B9F843DD-5A95-4302-AE5D-57BA4CFD037A}.Release|x86.ActiveCfg = Release|Any CPU
		{B9F843DD-5A95-4302-AE5D-57BA4CFD037A}.Release|x86.Build.0 = Release|Any CPU
		{5E887F00-751B-4900-AF3E-6E50C025DB31}.Debug|Any CPU.ActiveCfg = Debug|Any CPU
		{5E887F00-751B-4900-AF3E-6E50C025DB31}.Debug|Any CPU.Build.0 = Debug|Any CPU
		{5E887F00-751B-4900-AF3E-6E50C025DB31}.Debug|ARM.ActiveCfg = Debug|Any CPU
		{5E887F00-751B-4900-AF3E-6E50C025DB31}.Debug|ARM.Build.0 = Debug|Any CPU
		{5E887F00-751B-4900-AF3E-6E50C025DB31}.Debug|ARM64.ActiveCfg = Debug|Any CPU
		{5E887F00-751B-4900-AF3E-6E50C025DB31}.Debug|ARM64.Build.0 = Debug|Any CPU
		{5E887F00-751B-4900-AF3E-6E50C025DB31}.Debug|x64.ActiveCfg = Debug|Any CPU
		{5E887F00-751B-4900-AF3E-6E50C025DB31}.Debug|x64.Build.0 = Debug|Any CPU
		{5E887F00-751B-4900-AF3E-6E50C025DB31}.Debug|x86.ActiveCfg = Debug|Any CPU
		{5E887F00-751B-4900-AF3E-6E50C025DB31}.Debug|x86.Build.0 = Debug|Any CPU
		{5E887F00-751B-4900-AF3E-6E50C025DB31}.Release|Any CPU.ActiveCfg = Release|Any CPU
		{5E887F00-751B-4900-AF3E-6E50C025DB31}.Release|Any CPU.Build.0 = Release|Any CPU
		{5E887F00-751B-4900-AF3E-6E50C025DB31}.Release|ARM.ActiveCfg = Release|Any CPU
		{5E887F00-751B-4900-AF3E-6E50C025DB31}.Release|ARM.Build.0 = Release|Any CPU
		{5E887F00-751B-4900-AF3E-6E50C025DB31}.Release|ARM64.ActiveCfg = Release|Any CPU
		{5E887F00-751B-4900-AF3E-6E50C025DB31}.Release|ARM64.Build.0 = Release|Any CPU
		{5E887F00-751B-4900-AF3E-6E50C025DB31}.Release|x64.ActiveCfg = Release|Any CPU
		{5E887F00-751B-4900-AF3E-6E50C025DB31}.Release|x64.Build.0 = Release|Any CPU
		{5E887F00-751B-4900-AF3E-6E50C025DB31}.Release|x86.ActiveCfg = Release|Any CPU
		{5E887F00-751B-4900-AF3E-6E50C025DB31}.Release|x86.Build.0 = Release|Any CPU
		{0B6D0097-05E4-4A8B-B035-FDE1E7357E04}.Debug|Any CPU.ActiveCfg = Debug|Any CPU
		{0B6D0097-05E4-4A8B-B035-FDE1E7357E04}.Debug|Any CPU.Build.0 = Debug|Any CPU
		{0B6D0097-05E4-4A8B-B035-FDE1E7357E04}.Debug|ARM.ActiveCfg = Debug|Any CPU
		{0B6D0097-05E4-4A8B-B035-FDE1E7357E04}.Debug|ARM.Build.0 = Debug|Any CPU
		{0B6D0097-05E4-4A8B-B035-FDE1E7357E04}.Debug|ARM64.ActiveCfg = Debug|Any CPU
		{0B6D0097-05E4-4A8B-B035-FDE1E7357E04}.Debug|ARM64.Build.0 = Debug|Any CPU
		{0B6D0097-05E4-4A8B-B035-FDE1E7357E04}.Debug|x64.ActiveCfg = Debug|Any CPU
		{0B6D0097-05E4-4A8B-B035-FDE1E7357E04}.Debug|x64.Build.0 = Debug|Any CPU
		{0B6D0097-05E4-4A8B-B035-FDE1E7357E04}.Debug|x86.ActiveCfg = Debug|Any CPU
		{0B6D0097-05E4-4A8B-B035-FDE1E7357E04}.Debug|x86.Build.0 = Debug|Any CPU
		{0B6D0097-05E4-4A8B-B035-FDE1E7357E04}.Release|Any CPU.ActiveCfg = Release|Any CPU
		{0B6D0097-05E4-4A8B-B035-FDE1E7357E04}.Release|Any CPU.Build.0 = Release|Any CPU
		{0B6D0097-05E4-4A8B-B035-FDE1E7357E04}.Release|ARM.ActiveCfg = Release|Any CPU
		{0B6D0097-05E4-4A8B-B035-FDE1E7357E04}.Release|ARM.Build.0 = Release|Any CPU
		{0B6D0097-05E4-4A8B-B035-FDE1E7357E04}.Release|ARM64.ActiveCfg = Release|Any CPU
		{0B6D0097-05E4-4A8B-B035-FDE1E7357E04}.Release|ARM64.Build.0 = Release|Any CPU
		{0B6D0097-05E4-4A8B-B035-FDE1E7357E04}.Release|x64.ActiveCfg = Release|Any CPU
		{0B6D0097-05E4-4A8B-B035-FDE1E7357E04}.Release|x64.Build.0 = Release|Any CPU
		{0B6D0097-05E4-4A8B-B035-FDE1E7357E04}.Release|x86.ActiveCfg = Release|Any CPU
		{0B6D0097-05E4-4A8B-B035-FDE1E7357E04}.Release|x86.Build.0 = Release|Any CPU
		{8F302ED5-4E14-42A2-B4A6-3CA2399DF29D}.Debug|Any CPU.ActiveCfg = Debug|Any CPU
		{8F302ED5-4E14-42A2-B4A6-3CA2399DF29D}.Debug|Any CPU.Build.0 = Debug|Any CPU
		{8F302ED5-4E14-42A2-B4A6-3CA2399DF29D}.Debug|ARM.ActiveCfg = Debug|Any CPU
		{8F302ED5-4E14-42A2-B4A6-3CA2399DF29D}.Debug|ARM.Build.0 = Debug|Any CPU
		{8F302ED5-4E14-42A2-B4A6-3CA2399DF29D}.Debug|ARM64.ActiveCfg = Debug|Any CPU
		{8F302ED5-4E14-42A2-B4A6-3CA2399DF29D}.Debug|ARM64.Build.0 = Debug|Any CPU
		{8F302ED5-4E14-42A2-B4A6-3CA2399DF29D}.Debug|x64.ActiveCfg = Debug|Any CPU
		{8F302ED5-4E14-42A2-B4A6-3CA2399DF29D}.Debug|x64.Build.0 = Debug|Any CPU
		{8F302ED5-4E14-42A2-B4A6-3CA2399DF29D}.Debug|x86.ActiveCfg = Debug|Any CPU
		{8F302ED5-4E14-42A2-B4A6-3CA2399DF29D}.Debug|x86.Build.0 = Debug|Any CPU
		{8F302ED5-4E14-42A2-B4A6-3CA2399DF29D}.Release|Any CPU.ActiveCfg = Release|Any CPU
		{8F302ED5-4E14-42A2-B4A6-3CA2399DF29D}.Release|Any CPU.Build.0 = Release|Any CPU
		{8F302ED5-4E14-42A2-B4A6-3CA2399DF29D}.Release|ARM.ActiveCfg = Release|Any CPU
		{8F302ED5-4E14-42A2-B4A6-3CA2399DF29D}.Release|ARM.Build.0 = Release|Any CPU
		{8F302ED5-4E14-42A2-B4A6-3CA2399DF29D}.Release|ARM64.ActiveCfg = Release|Any CPU
		{8F302ED5-4E14-42A2-B4A6-3CA2399DF29D}.Release|ARM64.Build.0 = Release|Any CPU
		{8F302ED5-4E14-42A2-B4A6-3CA2399DF29D}.Release|x64.ActiveCfg = Release|Any CPU
		{8F302ED5-4E14-42A2-B4A6-3CA2399DF29D}.Release|x64.Build.0 = Release|Any CPU
		{8F302ED5-4E14-42A2-B4A6-3CA2399DF29D}.Release|x86.ActiveCfg = Release|Any CPU
		{8F302ED5-4E14-42A2-B4A6-3CA2399DF29D}.Release|x86.Build.0 = Release|Any CPU
		{C0B475C4-6614-4522-8006-AB988A2723C5}.Debug|Any CPU.ActiveCfg = Debug|Any CPU
		{C0B475C4-6614-4522-8006-AB988A2723C5}.Debug|Any CPU.Build.0 = Debug|Any CPU
		{C0B475C4-6614-4522-8006-AB988A2723C5}.Debug|ARM.ActiveCfg = Debug|Any CPU
		{C0B475C4-6614-4522-8006-AB988A2723C5}.Debug|ARM.Build.0 = Debug|Any CPU
		{C0B475C4-6614-4522-8006-AB988A2723C5}.Debug|ARM64.ActiveCfg = Debug|Any CPU
		{C0B475C4-6614-4522-8006-AB988A2723C5}.Debug|ARM64.Build.0 = Debug|Any CPU
		{C0B475C4-6614-4522-8006-AB988A2723C5}.Debug|x64.ActiveCfg = Debug|Any CPU
		{C0B475C4-6614-4522-8006-AB988A2723C5}.Debug|x64.Build.0 = Debug|Any CPU
		{C0B475C4-6614-4522-8006-AB988A2723C5}.Debug|x86.ActiveCfg = Debug|Any CPU
		{C0B475C4-6614-4522-8006-AB988A2723C5}.Debug|x86.Build.0 = Debug|Any CPU
		{C0B475C4-6614-4522-8006-AB988A2723C5}.Release|Any CPU.ActiveCfg = Release|Any CPU
		{C0B475C4-6614-4522-8006-AB988A2723C5}.Release|Any CPU.Build.0 = Release|Any CPU
		{C0B475C4-6614-4522-8006-AB988A2723C5}.Release|ARM.ActiveCfg = Release|Any CPU
		{C0B475C4-6614-4522-8006-AB988A2723C5}.Release|ARM.Build.0 = Release|Any CPU
		{C0B475C4-6614-4522-8006-AB988A2723C5}.Release|ARM64.ActiveCfg = Release|Any CPU
		{C0B475C4-6614-4522-8006-AB988A2723C5}.Release|ARM64.Build.0 = Release|Any CPU
		{C0B475C4-6614-4522-8006-AB988A2723C5}.Release|x64.ActiveCfg = Release|Any CPU
		{C0B475C4-6614-4522-8006-AB988A2723C5}.Release|x64.Build.0 = Release|Any CPU
		{C0B475C4-6614-4522-8006-AB988A2723C5}.Release|x86.ActiveCfg = Release|Any CPU
		{C0B475C4-6614-4522-8006-AB988A2723C5}.Release|x86.Build.0 = Release|Any CPU
	EndGlobalSection
	GlobalSection(SolutionProperties) = preSolution
		HideSolutionNode = FALSE
	EndGlobalSection
	GlobalSection(NestedProjects) = preSolution
		{0BCEEABA-EB4B-4166-BDCD-3B047983B2A3} = {105EB1CB-19EA-4C2E-9C9B-007FE8BB47FE}
		{DC519E3B-1445-445C-9429-8EDAD5ADA212} = {105EB1CB-19EA-4C2E-9C9B-007FE8BB47FE}
		{A9B9C4F1-109B-4994-B6DD-525C7B7930FB} = {105EB1CB-19EA-4C2E-9C9B-007FE8BB47FE}
		{6A3913E2-AFF4-4AE1-960A-FC9BC54447AE} = {F3101244-B6DD-434E-9EB8-3EF596DCABD6}
		{B9F843DD-5A95-4302-AE5D-57BA4CFD037A} = {105EB1CB-19EA-4C2E-9C9B-007FE8BB47FE}
		{5E887F00-751B-4900-AF3E-6E50C025DB31} = {F3101244-B6DD-434E-9EB8-3EF596DCABD6}
		{0B6D0097-05E4-4A8B-B035-FDE1E7357E04} = {105EB1CB-19EA-4C2E-9C9B-007FE8BB47FE}
		{8F302ED5-4E14-42A2-B4A6-3CA2399DF29D} = {F3101244-B6DD-434E-9EB8-3EF596DCABD6}
		{C0B475C4-6614-4522-8006-AB988A2723C5} = {105EB1CB-19EA-4C2E-9C9B-007FE8BB47FE}
	EndGlobalSection
	GlobalSection(ExtensibilityGlobals) = postSolution
		SolutionGuid = {7DA2A9E0-F066-40FB-ABBE-2B309EA0B006}
	EndGlobalSection
EndGlobal
