
Microsoft Visual Studio Solution File, Format Version 12.00
# Visual Studio Version 16
VisualStudioVersion = 16.0.30114.105
MinimumVisualStudioVersion = 10.0.40219.1
Project("{9A19103F-16F7-4668-BE54-9A1E7A4F7556}") = "IdentityDeveloperTemplates.AzureADB2C.API", "asp-net-core-api-with-azure-ad-b2c-template\IdentityDeveloperTemplates.AzureADB2C.API.csproj", "{2C70AD78-7928-4FC4-8109-99DCA6428534}"
EndProject
Project("{9A19103F-16F7-4668-BE54-9A1E7A4F7556}") = "IdentityDeveloperTemplates.AzureAD.API", "asp-net-core-api-with-azure-ad-template\IdentityDeveloperTemplates.AzureAD.API.csproj", "{56E76E35-FC87-4896-9682-B34601F016C6}"
EndProject
Project("{9A19103F-16F7-4668-BE54-9A1E7A4F7556}") = "IdentityDeveloperTemplates.AzureADB2C.WebApp", "asp-net-core-webapp-with-azure-ad-b2c-template\IdentityDeveloperTemplates.AzureADB2C.WebApp.csproj", "{EDC14563-20DE-4A73-BE77-1F8D0F9A0219}"
EndProject
Project("{FAE04EC0-301F-11D3-BF4B-00C04F79EFBC}") = "IdentityDeveloperTemplates.AzureADB2C.UWP", "uwp-app-with-azure-ad-b2c-template\IdentityDeveloperTemplates.AzureADB2C.UWP.csproj", "{A9B9C4F1-109B-4994-B6DD-525C7B7930FB}"
EndProject
Project("{FAE04EC0-301F-11D3-BF4B-00C04F79EFBC}") = "IdentityDeveloperTemplates.AzureAD.UWP", "uwp-app-with-azure-ad-template\IdentityDeveloperTemplates.AzureAD.UWP.csproj", "{0BCEEABA-EB4B-4166-BDCD-3B047983B2A3}"
EndProject
Global
	GlobalSection(SolutionConfigurationPlatforms) = preSolution
		Debug|Any CPU = Debug|Any CPU
		Debug|ARM = Debug|ARM
		Debug|ARM64 = Debug|ARM64
		Debug|x64 = Debug|x64
		Debug|x86 = Debug|x86
		Release|Any CPU = Release|Any CPU
		Release|ARM = Release|ARM
		Release|ARM64 = Release|ARM64
		Release|x64 = Release|x64
		Release|x86 = Release|x86
	EndGlobalSection
	GlobalSection(ProjectConfigurationPlatforms) = postSolution
		{2C70AD78-7928-4FC4-8109-99DCA6428534}.Debug|Any CPU.ActiveCfg = Debug|Any CPU
		{2C70AD78-7928-4FC4-8109-99DCA6428534}.Debug|Any CPU.Build.0 = Debug|Any CPU
		{2C70AD78-7928-4FC4-8109-99DCA6428534}.Debug|ARM.ActiveCfg = Debug|Any CPU
		{2C70AD78-7928-4FC4-8109-99DCA6428534}.Debug|ARM.Build.0 = Debug|Any CPU
		{2C70AD78-7928-4FC4-8109-99DCA6428534}.Debug|ARM64.ActiveCfg = Debug|Any CPU
		{2C70AD78-7928-4FC4-8109-99DCA6428534}.Debug|ARM64.Build.0 = Debug|Any CPU
		{2C70AD78-7928-4FC4-8109-99DCA6428534}.Debug|x64.ActiveCfg = Debug|Any CPU
		{2C70AD78-7928-4FC4-8109-99DCA6428534}.Debug|x64.Build.0 = Debug|Any CPU
		{2C70AD78-7928-4FC4-8109-99DCA6428534}.Debug|x86.ActiveCfg = Debug|Any CPU
		{2C70AD78-7928-4FC4-8109-99DCA6428534}.Debug|x86.Build.0 = Debug|Any CPU
		{2C70AD78-7928-4FC4-8109-99DCA6428534}.Release|Any CPU.ActiveCfg = Release|Any CPU
		{2C70AD78-7928-4FC4-8109-99DCA6428534}.Release|Any CPU.Build.0 = Release|Any CPU
		{2C70AD78-7928-4FC4-8109-99DCA6428534}.Release|ARM.ActiveCfg = Release|Any CPU
		{2C70AD78-7928-4FC4-8109-99DCA6428534}.Release|ARM.Build.0 = Release|Any CPU
		{2C70AD78-7928-4FC4-8109-99DCA6428534}.Release|ARM64.ActiveCfg = Release|Any CPU
		{2C70AD78-7928-4FC4-8109-99DCA6428534}.Release|ARM64.Build.0 = Release|Any CPU
		{2C70AD78-7928-4FC4-8109-99DCA6428534}.Release|x64.ActiveCfg = Release|Any CPU
		{2C70AD78-7928-4FC4-8109-99DCA6428534}.Release|x64.Build.0 = Release|Any CPU
		{2C70AD78-7928-4FC4-8109-99DCA6428534}.Release|x86.ActiveCfg = Release|Any CPU
		{2C70AD78-7928-4FC4-8109-99DCA6428534}.Release|x86.Build.0 = Release|Any CPU
		{56E76E35-FC87-4896-9682-B34601F016C6}.Debug|Any CPU.ActiveCfg = Debug|Any CPU
		{56E76E35-FC87-4896-9682-B34601F016C6}.Debug|Any CPU.Build.0 = Debug|Any CPU
		{56E76E35-FC87-4896-9682-B34601F016C6}.Debug|ARM.ActiveCfg = Debug|Any CPU
		{56E76E35-FC87-4896-9682-B34601F016C6}.Debug|ARM.Build.0 = Debug|Any CPU
		{56E76E35-FC87-4896-9682-B34601F016C6}.Debug|ARM64.ActiveCfg = Debug|Any CPU
		{56E76E35-FC87-4896-9682-B34601F016C6}.Debug|ARM64.Build.0 = Debug|Any CPU
		{56E76E35-FC87-4896-9682-B34601F016C6}.Debug|x64.ActiveCfg = Debug|Any CPU
		{56E76E35-FC87-4896-9682-B34601F016C6}.Debug|x64.Build.0 = Debug|Any CPU
		{56E76E35-FC87-4896-9682-B34601F016C6}.Debug|x86.ActiveCfg = Debug|Any CPU
		{56E76E35-FC87-4896-9682-B34601F016C6}.Debug|x86.Build.0 = Debug|Any CPU
		{56E76E35-FC87-4896-9682-B34601F016C6}.Release|Any CPU.ActiveCfg = Release|Any CPU
		{56E76E35-FC87-4896-9682-B34601F016C6}.Release|Any CPU.Build.0 = Release|Any CPU
		{56E76E35-FC87-4896-9682-B34601F016C6}.Release|ARM.ActiveCfg = Release|Any CPU
		{56E76E35-FC87-4896-9682-B34601F016C6}.Release|ARM.Build.0 = Release|Any CPU
		{56E76E35-FC87-4896-9682-B34601F016C6}.Release|ARM64.ActiveCfg = Release|Any CPU
		{56E76E35-FC87-4896-9682-B34601F016C6}.Release|ARM64.Build.0 = Release|Any CPU
		{56E76E35-FC87-4896-9682-B34601F016C6}.Release|x64.ActiveCfg = Release|Any CPU
		{56E76E35-FC87-4896-9682-B34601F016C6}.Release|x64.Build.0 = Release|Any CPU
		{56E76E35-FC87-4896-9682-B34601F016C6}.Release|x86.ActiveCfg = Release|Any CPU
		{56E76E35-FC87-4896-9682-B34601F016C6}.Release|x86.Build.0 = Release|Any CPU
		{EDC14563-20DE-4A73-BE77-1F8D0F9A0219}.Debug|Any CPU.ActiveCfg = Debug|Any CPU
		{EDC14563-20DE-4A73-BE77-1F8D0F9A0219}.Debug|Any CPU.Build.0 = Debug|Any CPU
		{EDC14563-20DE-4A73-BE77-1F8D0F9A0219}.Debug|ARM.ActiveCfg = Debug|Any CPU
		{EDC14563-20DE-4A73-BE77-1F8D0F9A0219}.Debug|ARM.Build.0 = Debug|Any CPU
		{EDC14563-20DE-4A73-BE77-1F8D0F9A0219}.Debug|ARM64.ActiveCfg = Debug|Any CPU
		{EDC14563-20DE-4A73-BE77-1F8D0F9A0219}.Debug|ARM64.Build.0 = Debug|Any CPU
		{EDC14563-20DE-4A73-BE77-1F8D0F9A0219}.Debug|x64.ActiveCfg = Debug|Any CPU
		{EDC14563-20DE-4A73-BE77-1F8D0F9A0219}.Debug|x64.Build.0 = Debug|Any CPU
		{EDC14563-20DE-4A73-BE77-1F8D0F9A0219}.Debug|x86.ActiveCfg = Debug|Any CPU
		{EDC14563-20DE-4A73-BE77-1F8D0F9A0219}.Debug|x86.Build.0 = Debug|Any CPU
		{EDC14563-20DE-4A73-BE77-1F8D0F9A0219}.Release|Any CPU.ActiveCfg = Release|Any CPU
		{EDC14563-20DE-4A73-BE77-1F8D0F9A0219}.Release|Any CPU.Build.0 = Release|Any CPU
		{EDC14563-20DE-4A73-BE77-1F8D0F9A0219}.Release|ARM.ActiveCfg = Release|Any CPU
		{EDC14563-20DE-4A73-BE77-1F8D0F9A0219}.Release|ARM.Build.0 = Release|Any CPU
		{EDC14563-20DE-4A73-BE77-1F8D0F9A0219}.Release|ARM64.ActiveCfg = Release|Any CPU
		{EDC14563-20DE-4A73-BE77-1F8D0F9A0219}.Release|ARM64.Build.0 = Release|Any CPU
		{EDC14563-20DE-4A73-BE77-1F8D0F9A0219}.Release|x64.ActiveCfg = Release|Any CPU
		{EDC14563-20DE-4A73-BE77-1F8D0F9A0219}.Release|x64.Build.0 = Release|Any CPU
		{EDC14563-20DE-4A73-BE77-1F8D0F9A0219}.Release|x86.ActiveCfg = Release|Any CPU
		{EDC14563-20DE-4A73-BE77-1F8D0F9A0219}.Release|x86.Build.0 = Release|Any CPU
		{A9B9C4F1-109B-4994-B6DD-525C7B7930FB}.Debug|Any CPU.ActiveCfg = Debug|x86
		{A9B9C4F1-109B-4994-B6DD-525C7B7930FB}.Debug|ARM.ActiveCfg = Debug|ARM
		{A9B9C4F1-109B-4994-B6DD-525C7B7930FB}.Debug|ARM.Build.0 = Debug|ARM
		{A9B9C4F1-109B-4994-B6DD-525C7B7930FB}.Debug|ARM.Deploy.0 = Debug|ARM
		{A9B9C4F1-109B-4994-B6DD-525C7B7930FB}.Debug|ARM64.ActiveCfg = Debug|ARM64
		{A9B9C4F1-109B-4994-B6DD-525C7B7930FB}.Debug|ARM64.Build.0 = Debug|ARM64
		{A9B9C4F1-109B-4994-B6DD-525C7B7930FB}.Debug|ARM64.Deploy.0 = Debug|ARM64
		{A9B9C4F1-109B-4994-B6DD-525C7B7930FB}.Debug|x64.ActiveCfg = Debug|x64
		{A9B9C4F1-109B-4994-B6DD-525C7B7930FB}.Debug|x64.Build.0 = Debug|x64
		{A9B9C4F1-109B-4994-B6DD-525C7B7930FB}.Debug|x64.Deploy.0 = Debug|x64
		{A9B9C4F1-109B-4994-B6DD-525C7B7930FB}.Debug|x86.ActiveCfg = Debug|x86
		{A9B9C4F1-109B-4994-B6DD-525C7B7930FB}.Debug|x86.Build.0 = Debug|x86
		{A9B9C4F1-109B-4994-B6DD-525C7B7930FB}.Debug|x86.Deploy.0 = Debug|x86
		{A9B9C4F1-109B-4994-B6DD-525C7B7930FB}.Release|Any CPU.ActiveCfg = Release|x86
		{A9B9C4F1-109B-4994-B6DD-525C7B7930FB}.Release|ARM.ActiveCfg = Release|ARM
		{A9B9C4F1-109B-4994-B6DD-525C7B7930FB}.Release|ARM.Build.0 = Release|ARM
		{A9B9C4F1-109B-4994-B6DD-525C7B7930FB}.Release|ARM.Deploy.0 = Release|ARM
		{A9B9C4F1-109B-4994-B6DD-525C7B7930FB}.Release|ARM64.ActiveCfg = Release|ARM64
		{A9B9C4F1-109B-4994-B6DD-525C7B7930FB}.Release|ARM64.Build.0 = Release|ARM64
		{A9B9C4F1-109B-4994-B6DD-525C7B7930FB}.Release|ARM64.Deploy.0 = Release|ARM64
		{A9B9C4F1-109B-4994-B6DD-525C7B7930FB}.Release|x64.ActiveCfg = Release|x64
		{A9B9C4F1-109B-4994-B6DD-525C7B7930FB}.Release|x64.Build.0 = Release|x64
		{A9B9C4F1-109B-4994-B6DD-525C7B7930FB}.Release|x64.Deploy.0 = Release|x64
		{A9B9C4F1-109B-4994-B6DD-525C7B7930FB}.Release|x86.ActiveCfg = Release|x86
		{A9B9C4F1-109B-4994-B6DD-525C7B7930FB}.Release|x86.Build.0 = Release|x86
		{A9B9C4F1-109B-4994-B6DD-525C7B7930FB}.Release|x86.Deploy.0 = Release|x86
		{0BCEEABA-EB4B-4166-BDCD-3B047983B2A3}.Debug|Any CPU.ActiveCfg = Debug|x86
		{0BCEEABA-EB4B-4166-BDCD-3B047983B2A3}.Debug|ARM.ActiveCfg = Debug|ARM
		{0BCEEABA-EB4B-4166-BDCD-3B047983B2A3}.Debug|ARM.Build.0 = Debug|ARM
		{0BCEEABA-EB4B-4166-BDCD-3B047983B2A3}.Debug|ARM.Deploy.0 = Debug|ARM
		{0BCEEABA-EB4B-4166-BDCD-3B047983B2A3}.Debug|ARM64.ActiveCfg = Debug|ARM64
		{0BCEEABA-EB4B-4166-BDCD-3B047983B2A3}.Debug|ARM64.Build.0 = Debug|ARM64
		{0BCEEABA-EB4B-4166-BDCD-3B047983B2A3}.Debug|ARM64.Deploy.0 = Debug|ARM64
		{0BCEEABA-EB4B-4166-BDCD-3B047983B2A3}.Debug|x64.ActiveCfg = Debug|x64
		{0BCEEABA-EB4B-4166-BDCD-3B047983B2A3}.Debug|x64.Build.0 = Debug|x64
		{0BCEEABA-EB4B-4166-BDCD-3B047983B2A3}.Debug|x64.Deploy.0 = Debug|x64
		{0BCEEABA-EB4B-4166-BDCD-3B047983B2A3}.Debug|x86.ActiveCfg = Debug|x86
		{0BCEEABA-EB4B-4166-BDCD-3B047983B2A3}.Debug|x86.Build.0 = Debug|x86
		{0BCEEABA-EB4B-4166-BDCD-3B047983B2A3}.Debug|x86.Deploy.0 = Debug|x86
		{0BCEEABA-EB4B-4166-BDCD-3B047983B2A3}.Release|Any CPU.ActiveCfg = Release|x86
		{0BCEEABA-EB4B-4166-BDCD-3B047983B2A3}.Release|ARM.ActiveCfg = Release|ARM
		{0BCEEABA-EB4B-4166-BDCD-3B047983B2A3}.Release|ARM.Build.0 = Release|ARM
		{0BCEEABA-EB4B-4166-BDCD-3B047983B2A3}.Release|ARM.Deploy.0 = Release|ARM
		{0BCEEABA-EB4B-4166-BDCD-3B047983B2A3}.Release|ARM64.ActiveCfg = Release|ARM64
		{0BCEEABA-EB4B-4166-BDCD-3B047983B2A3}.Release|ARM64.Build.0 = Release|ARM64
		{0BCEEABA-EB4B-4166-BDCD-3B047983B2A3}.Release|ARM64.Deploy.0 = Release|ARM64
		{0BCEEABA-EB4B-4166-BDCD-3B047983B2A3}.Release|x64.ActiveCfg = Release|x64
		{0BCEEABA-EB4B-4166-BDCD-3B047983B2A3}.Release|x64.Build.0 = Release|x64
		{0BCEEABA-EB4B-4166-BDCD-3B047983B2A3}.Release|x64.Deploy.0 = Release|x64
		{0BCEEABA-EB4B-4166-BDCD-3B047983B2A3}.Release|x86.ActiveCfg = Release|x86
		{0BCEEABA-EB4B-4166-BDCD-3B047983B2A3}.Release|x86.Build.0 = Release|x86
		{0BCEEABA-EB4B-4166-BDCD-3B047983B2A3}.Release|x86.Deploy.0 = Release|x86
	EndGlobalSection
	GlobalSection(SolutionProperties) = preSolution
		HideSolutionNode = FALSE
	EndGlobalSection
	GlobalSection(ExtensibilityGlobals) = postSolution
		SolutionGuid = {7DA2A9E0-F066-40FB-ABBE-2B309EA0B006}
	EndGlobalSection
EndGlobal
